
Microsoft Visual Studio Solution File, Format Version 12.00
# Visual Studio Version 17
VisualStudioVersion = 17.5.002.0
MinimumVisualStudioVersion = 10.0.40219.1
Project("{9A19103F-16F7-4668-BE54-9A1E7A4F7556}") = "CamisasApi", "CamisasApi.csproj", "{4F20491E-429D-409D-945D-834C93F76282}"
EndProject
Global
	GlobalSection(SolutionConfigurationPlatforms) = preSolution
		Debug|Any CPU = Debug|Any CPU
		Release|Any CPU = Release|Any CPU
	EndGlobalSection
	GlobalSection(ProjectConfigurationPlatforms) = postSolution
		{4F20491E-429D-409D-945D-834C93F76282}.Debug|Any CPU.ActiveCfg = Debug|Any CPU
		{4F20491E-429D-409D-945D-834C93F76282}.Debug|Any CPU.Build.0 = Debug|Any CPU
		{4F20491E-429D-409D-945D-834C93F76282}.Release|Any CPU.ActiveCfg = Release|Any CPU
		{4F20491E-429D-409D-945D-834C93F76282}.Release|Any CPU.Build.0 = Release|Any CPU
	EndGlobalSection
	GlobalSection(SolutionProperties) = preSolution
		HideSolutionNode = FALSE
	EndGlobalSection
	GlobalSection(ExtensibilityGlobals) = postSolution
		SolutionGuid = {402811BD-7602-47CE-9307-5967EB3F4D13}
	EndGlobalSection
EndGlobal
